// !$*UTF8*$!
{
	archiveVersion = 1;
	classes = {
	};
	objectVersion = 56;
	objects = {

/* Begin PBXBuildFile section */
		E4205D562B01FE8D0026D4A0 /* StorageView.swift in Sources */ = {isa = PBXBuildFile; fileRef = E4205D552B01FE8D0026D4A0 /* StorageView.swift */; };
		E4205D582B020F390026D4A0 /* DirectoriesStorageView.swift in Sources */ = {isa = PBXBuildFile; fileRef = E4205D572B020F390026D4A0 /* DirectoriesStorageView.swift */; };
		E4205D5A2B02211D0026D4A0 /* UnifiedStorageView.swift in Sources */ = {isa = PBXBuildFile; fileRef = E4205D592B02211D0026D4A0 /* UnifiedStorageView.swift */; };
		E4205D5C2B0227890026D4A0 /* Localizable.xcstrings in Resources */ = {isa = PBXBuildFile; fileRef = E4205D5B2B0227890026D4A0 /* Localizable.xcstrings */; };
		E44DD0FA2B1DCE4A0066487D /* AppDelegate.swift in Sources */ = {isa = PBXBuildFile; fileRef = E44DD0F92B1DCE4A0066487D /* AppDelegate.swift */; };
		E45A70A92B04CD6200AC8C3B /* CoreSimulatorTools in Frameworks */ = {isa = PBXBuildFile; productRef = E45A70A82B04CD6200AC8C3B /* CoreSimulatorTools */; };
		E46674182B04BF3300782359 /* _CoreSimulatorDevicesView.swift in Sources */ = {isa = PBXBuildFile; fileRef = E46674172B04BF3300782359 /* _CoreSimulatorDevicesView.swift */; };
		E475191D2B03A2E800C360DD /* Subdirectories.swift in Sources */ = {isa = PBXBuildFile; fileRef = E475191C2B03A2E800C360DD /* Subdirectories.swift */; };
		E475191F2B03A8ED00C360DD /* CachesView.swift in Sources */ = {isa = PBXBuildFile; fileRef = E475191E2B03A8ED00C360DD /* CachesView.swift */; };
		E47519212B03AA5F00C360DD /* _CoreSimulatorUserCachesView.swift in Sources */ = {isa = PBXBuildFile; fileRef = E47519202B03AA5F00C360DD /* _CoreSimulatorUserCachesView.swift */; };
		E47519232B03AA6900C360DD /* _CoreSimulatorSystemCachesView.swift in Sources */ = {isa = PBXBuildFile; fileRef = E47519222B03AA6900C360DD /* _CoreSimulatorSystemCachesView.swift */; };
		E47519252B03AAF600C360DD /* CoreSimulatorView.swift in Sources */ = {isa = PBXBuildFile; fileRef = E47519242B03AAF600C360DD /* CoreSimulatorView.swift */; };
		E47519272B03AB0F00C360DD /* _CoreSimulatorSystemView.swift in Sources */ = {isa = PBXBuildFile; fileRef = E47519262B03AB0F00C360DD /* _CoreSimulatorSystemView.swift */; };
		E47519292B03AB1800C360DD /* _CoreSimulatorUserView.swift in Sources */ = {isa = PBXBuildFile; fileRef = E47519282B03AB1800C360DD /* _CoreSimulatorUserView.swift */; };
		E4934CDE2B0D9BE000B4A527 /* AppPreferencesView.swift in Sources */ = {isa = PBXBuildFile; fileRef = E4934CDD2B0D9BE000B4A527 /* AppPreferencesView.swift */; };
		E4934CE02B0D9BEE00B4A527 /* GeneralPreferencesView.swift in Sources */ = {isa = PBXBuildFile; fileRef = E4934CDF2B0D9BEE00B4A527 /* GeneralPreferencesView.swift */; };
		E49397AC2B1EB880001204B6 /* LoginItemBehaviour.swift in Sources */ = {isa = PBXBuildFile; fileRef = E49397AB2B1EB880001204B6 /* LoginItemBehaviour.swift */; };
		E49C418F2B0C551E001100EC /* FileSystemUI in Frameworks */ = {isa = PBXBuildFile; productRef = E49C418E2B0C551E001100EC /* FileSystemUI */; };
		E49C41922B0C5616001100EC /* FileSystem in Frameworks */ = {isa = PBXBuildFile; productRef = E49C41912B0C5616001100EC /* FileSystem */; };
		E4A30A892B00D24700BE5444 /* ChinottoApp.swift in Sources */ = {isa = PBXBuildFile; fileRef = E4A30A882B00D24700BE5444 /* ChinottoApp.swift */; };
		E4A30A8B2B00D24700BE5444 /* ContentView.swift in Sources */ = {isa = PBXBuildFile; fileRef = E4A30A8A2B00D24700BE5444 /* ContentView.swift */; };
		E4A30A8F2B00D24800BE5444 /* Assets.xcassets in Resources */ = {isa = PBXBuildFile; fileRef = E4A30A8E2B00D24800BE5444 /* Assets.xcassets */; };
		E4A30A922B00D24800BE5444 /* Preview Assets.xcassets in Resources */ = {isa = PBXBuildFile; fileRef = E4A30A912B00D24800BE5444 /* Preview Assets.xcassets */; };
		E4A30A9D2B00D24800BE5444 /* ChinottoTests.swift in Sources */ = {isa = PBXBuildFile; fileRef = E4A30A9C2B00D24800BE5444 /* ChinottoTests.swift */; };
		E4A30AA72B00D24800BE5444 /* ChinottoUITests.swift in Sources */ = {isa = PBXBuildFile; fileRef = E4A30AA62B00D24800BE5444 /* ChinottoUITests.swift */; };
		E4A30AA92B00D24800BE5444 /* ChinottoUITestsLaunchTests.swift in Sources */ = {isa = PBXBuildFile; fileRef = E4A30AA82B00D24800BE5444 /* ChinottoUITestsLaunchTests.swift */; };
		E4A30AB62B00D32800BE5444 /* Directories.swift in Sources */ = {isa = PBXBuildFile; fileRef = E4A30AB52B00D32800BE5444 /* Directories.swift */; };
		E4E10D3C2B16CE7A00126C53 /* ChinottoMenuBarApp.swift in Sources */ = {isa = PBXBuildFile; fileRef = E4E10D3B2B16CE7A00126C53 /* ChinottoMenuBarApp.swift */; };
		E4F8ECBB2B0453220075AB04 /* DeveloperDiskImagesView.swift in Sources */ = {isa = PBXBuildFile; fileRef = E4F8ECBA2B0453220075AB04 /* DeveloperDiskImagesView.swift */; };
		E4F8ECBD2B0453C70075AB04 /* ToolchainsView.swift in Sources */ = {isa = PBXBuildFile; fileRef = E4F8ECBC2B0453C70075AB04 /* ToolchainsView.swift */; };
		E4F8ECBF2B0453D10075AB04 /* XcodeView.swift in Sources */ = {isa = PBXBuildFile; fileRef = E4F8ECBE2B0453D10075AB04 /* XcodeView.swift */; };
		E4F8ECC12B0453DF0075AB04 /* XCPGDevicesView.swift in Sources */ = {isa = PBXBuildFile; fileRef = E4F8ECC02B0453DF0075AB04 /* XCPGDevicesView.swift */; };
		E4F8ECC32B0453E40075AB04 /* XCTestDevicesView.swift in Sources */ = {isa = PBXBuildFile; fileRef = E4F8ECC22B0453E40075AB04 /* XCTestDevicesView.swift */; };
		E4F8ECC92B06F8050075AB04 /* CoreSimulatorsRootView.swift in Sources */ = {isa = PBXBuildFile; fileRef = E4F8ECC82B06F8050075AB04 /* CoreSimulatorsRootView.swift */; };
		E4F8ECCD2B083F440075AB04 /* XcodeVersion.swift in Sources */ = {isa = PBXBuildFile; fileRef = E4F8ECCC2B083F440075AB04 /* XcodeVersion.swift */; };
		E4F8ECD02B0848270075AB04 /* CoreSimulatorUI in Frameworks */ = {isa = PBXBuildFile; productRef = E4F8ECCF2B0848270075AB04 /* CoreSimulatorUI */; };
		E4F8ECD32B08546A0075AB04 /* DestructiveActions in Frameworks */ = {isa = PBXBuildFile; productRef = E4F8ECD22B08546A0075AB04 /* DestructiveActions */; };
/* End PBXBuildFile section */

/* Begin PBXContainerItemProxy section */
		E4A30A992B00D24800BE5444 /* PBXContainerItemProxy */ = {
			isa = PBXContainerItemProxy;
			containerPortal = E4A30A7D2B00D24700BE5444 /* Project object */;
			proxyType = 1;
			remoteGlobalIDString = E4A30A842B00D24700BE5444;
			remoteInfo = Chinotto;
		};
		E4A30AA32B00D24800BE5444 /* PBXContainerItemProxy */ = {
			isa = PBXContainerItemProxy;
			containerPortal = E4A30A7D2B00D24700BE5444 /* Project object */;
			proxyType = 1;
			remoteGlobalIDString = E4A30A842B00D24700BE5444;
			remoteInfo = Chinotto;
		};
/* End PBXContainerItemProxy section */

/* Begin PBXFileReference section */
		E4205D552B01FE8D0026D4A0 /* StorageView.swift */ = {isa = PBXFileReference; lastKnownFileType = sourcecode.swift; path = StorageView.swift; sourceTree = "<group>"; };
		E4205D572B020F390026D4A0 /* DirectoriesStorageView.swift */ = {isa = PBXFileReference; lastKnownFileType = sourcecode.swift; path = DirectoriesStorageView.swift; sourceTree = "<group>"; };
		E4205D592B02211D0026D4A0 /* UnifiedStorageView.swift */ = {isa = PBXFileReference; lastKnownFileType = sourcecode.swift; path = UnifiedStorageView.swift; sourceTree = "<group>"; };
		E4205D5B2B0227890026D4A0 /* Localizable.xcstrings */ = {isa = PBXFileReference; lastKnownFileType = text.json.xcstrings; path = Localizable.xcstrings; sourceTree = "<group>"; };
		E44DD0F92B1DCE4A0066487D /* AppDelegate.swift */ = {isa = PBXFileReference; lastKnownFileType = sourcecode.swift; path = AppDelegate.swift; sourceTree = "<group>"; };
		E46674172B04BF3300782359 /* _CoreSimulatorDevicesView.swift */ = {isa = PBXFileReference; lastKnownFileType = sourcecode.swift; path = _CoreSimulatorDevicesView.swift; sourceTree = "<group>"; };
		E466741E2B04CCC100782359 /* CoreSimulatorTools */ = {isa = PBXFileReference; lastKnownFileType = wrapper; name = CoreSimulatorTools; path = Packages/CoreSimulatorTools; sourceTree = "<group>"; };
		E475191C2B03A2E800C360DD /* Subdirectories.swift */ = {isa = PBXFileReference; lastKnownFileType = sourcecode.swift; path = Subdirectories.swift; sourceTree = "<group>"; };
		E475191E2B03A8ED00C360DD /* CachesView.swift */ = {isa = PBXFileReference; lastKnownFileType = sourcecode.swift; path = CachesView.swift; sourceTree = "<group>"; };
		E47519202B03AA5F00C360DD /* _CoreSimulatorUserCachesView.swift */ = {isa = PBXFileReference; lastKnownFileType = sourcecode.swift; path = _CoreSimulatorUserCachesView.swift; sourceTree = "<group>"; };
		E47519222B03AA6900C360DD /* _CoreSimulatorSystemCachesView.swift */ = {isa = PBXFileReference; lastKnownFileType = sourcecode.swift; path = _CoreSimulatorSystemCachesView.swift; sourceTree = "<group>"; };
		E47519242B03AAF600C360DD /* CoreSimulatorView.swift */ = {isa = PBXFileReference; lastKnownFileType = sourcecode.swift; path = CoreSimulatorView.swift; sourceTree = "<group>"; };
		E47519262B03AB0F00C360DD /* _CoreSimulatorSystemView.swift */ = {isa = PBXFileReference; lastKnownFileType = sourcecode.swift; path = _CoreSimulatorSystemView.swift; sourceTree = "<group>"; };
		E47519282B03AB1800C360DD /* _CoreSimulatorUserView.swift */ = {isa = PBXFileReference; lastKnownFileType = sourcecode.swift; path = _CoreSimulatorUserView.swift; sourceTree = "<group>"; };
		E4934CDD2B0D9BE000B4A527 /* AppPreferencesView.swift */ = {isa = PBXFileReference; fileEncoding = 4; lastKnownFileType = sourcecode.swift; path = AppPreferencesView.swift; sourceTree = "<group>"; };
		E4934CDF2B0D9BEE00B4A527 /* GeneralPreferencesView.swift */ = {isa = PBXFileReference; lastKnownFileType = sourcecode.swift; path = GeneralPreferencesView.swift; sourceTree = "<group>"; };
		E49397852B194E29001204B6 /* Chinotto.xcconfig */ = {isa = PBXFileReference; lastKnownFileType = text.xcconfig; path = Chinotto.xcconfig; sourceTree = "<group>"; };
		E49397862B194ED5001204B6 /* Chinotto-release.xcconfig */ = {isa = PBXFileReference; lastKnownFileType = text.xcconfig; path = "Chinotto-release.xcconfig"; sourceTree = "<group>"; };
		E49397AB2B1EB880001204B6 /* LoginItemBehaviour.swift */ = {isa = PBXFileReference; lastKnownFileType = sourcecode.swift; path = LoginItemBehaviour.swift; sourceTree = "<group>"; };
		E49C418D2B0C54D5001100EC /* FileSystemUI */ = {isa = PBXFileReference; lastKnownFileType = wrapper; name = FileSystemUI; path = Packages/FileSystemUI; sourceTree = "<group>"; };
		E49C41902B0C55CB001100EC /* FileSystem */ = {isa = PBXFileReference; lastKnownFileType = wrapper; name = FileSystem; path = Packages/FileSystem; sourceTree = "<group>"; };
		E4A30A852B00D24700BE5444 /* Chinotto.app */ = {isa = PBXFileReference; explicitFileType = wrapper.application; includeInIndex = 0; path = Chinotto.app; sourceTree = BUILT_PRODUCTS_DIR; };
		E4A30A882B00D24700BE5444 /* ChinottoApp.swift */ = {isa = PBXFileReference; lastKnownFileType = sourcecode.swift; path = ChinottoApp.swift; sourceTree = "<group>"; };
		E4A30A8A2B00D24700BE5444 /* ContentView.swift */ = {isa = PBXFileReference; lastKnownFileType = sourcecode.swift; path = ContentView.swift; sourceTree = "<group>"; };
		E4A30A8E2B00D24800BE5444 /* Assets.xcassets */ = {isa = PBXFileReference; lastKnownFileType = folder.assetcatalog; path = Assets.xcassets; sourceTree = "<group>"; };
		E4A30A912B00D24800BE5444 /* Preview Assets.xcassets */ = {isa = PBXFileReference; lastKnownFileType = folder.assetcatalog; path = "Preview Assets.xcassets"; sourceTree = "<group>"; };
		E4A30A932B00D24800BE5444 /* Chinotto.entitlements */ = {isa = PBXFileReference; lastKnownFileType = text.plist.entitlements; path = Chinotto.entitlements; sourceTree = "<group>"; };
		E4A30A982B00D24800BE5444 /* ChinottoTests.xctest */ = {isa = PBXFileReference; explicitFileType = wrapper.cfbundle; includeInIndex = 0; path = ChinottoTests.xctest; sourceTree = BUILT_PRODUCTS_DIR; };
		E4A30A9C2B00D24800BE5444 /* ChinottoTests.swift */ = {isa = PBXFileReference; lastKnownFileType = sourcecode.swift; path = ChinottoTests.swift; sourceTree = "<group>"; };
		E4A30AA22B00D24800BE5444 /* ChinottoUITests.xctest */ = {isa = PBXFileReference; explicitFileType = wrapper.cfbundle; includeInIndex = 0; path = ChinottoUITests.xctest; sourceTree = BUILT_PRODUCTS_DIR; };
		E4A30AA62B00D24800BE5444 /* ChinottoUITests.swift */ = {isa = PBXFileReference; lastKnownFileType = sourcecode.swift; path = ChinottoUITests.swift; sourceTree = "<group>"; };
		E4A30AA82B00D24800BE5444 /* ChinottoUITestsLaunchTests.swift */ = {isa = PBXFileReference; lastKnownFileType = sourcecode.swift; path = ChinottoUITestsLaunchTests.swift; sourceTree = "<group>"; };
		E4A30AB52B00D32800BE5444 /* Directories.swift */ = {isa = PBXFileReference; lastKnownFileType = sourcecode.swift; path = Directories.swift; sourceTree = "<group>"; };
		E4E10D3B2B16CE7A00126C53 /* ChinottoMenuBarApp.swift */ = {isa = PBXFileReference; lastKnownFileType = sourcecode.swift; path = ChinottoMenuBarApp.swift; sourceTree = "<group>"; };
		E4F8ECBA2B0453220075AB04 /* DeveloperDiskImagesView.swift */ = {isa = PBXFileReference; lastKnownFileType = sourcecode.swift; path = DeveloperDiskImagesView.swift; sourceTree = "<group>"; };
		E4F8ECBC2B0453C70075AB04 /* ToolchainsView.swift */ = {isa = PBXFileReference; lastKnownFileType = sourcecode.swift; path = ToolchainsView.swift; sourceTree = "<group>"; };
		E4F8ECBE2B0453D10075AB04 /* XcodeView.swift */ = {isa = PBXFileReference; lastKnownFileType = sourcecode.swift; path = XcodeView.swift; sourceTree = "<group>"; };
		E4F8ECC02B0453DF0075AB04 /* XCPGDevicesView.swift */ = {isa = PBXFileReference; lastKnownFileType = sourcecode.swift; path = XCPGDevicesView.swift; sourceTree = "<group>"; };
		E4F8ECC22B0453E40075AB04 /* XCTestDevicesView.swift */ = {isa = PBXFileReference; lastKnownFileType = sourcecode.swift; path = XCTestDevicesView.swift; sourceTree = "<group>"; };
		E4F8ECC82B06F8050075AB04 /* CoreSimulatorsRootView.swift */ = {isa = PBXFileReference; lastKnownFileType = sourcecode.swift; path = CoreSimulatorsRootView.swift; sourceTree = "<group>"; };
		E4F8ECCC2B083F440075AB04 /* XcodeVersion.swift */ = {isa = PBXFileReference; lastKnownFileType = sourcecode.swift; path = XcodeVersion.swift; sourceTree = "<group>"; };
		E4F8ECCE2B0846D30075AB04 /* CoreSimulatorUI */ = {isa = PBXFileReference; lastKnownFileType = wrapper; name = CoreSimulatorUI; path = Packages/CoreSimulatorUI; sourceTree = "<group>"; };
		E4F8ECD12B0851CD0075AB04 /* DestructiveActions */ = {isa = PBXFileReference; lastKnownFileType = wrapper; name = DestructiveActions; path = Packages/DestructiveActions; sourceTree = "<group>"; };
/* End PBXFileReference section */

/* Begin PBXFrameworksBuildPhase section */
		E4A30A822B00D24700BE5444 /* Frameworks */ = {
			isa = PBXFrameworksBuildPhase;
			buildActionMask = 2147483647;
			files = (
				E49C41922B0C5616001100EC /* FileSystem in Frameworks */,
				E4F8ECD32B08546A0075AB04 /* DestructiveActions in Frameworks */,
				E4F8ECD02B0848270075AB04 /* CoreSimulatorUI in Frameworks */,
				E45A70A92B04CD6200AC8C3B /* CoreSimulatorTools in Frameworks */,
				E49C418F2B0C551E001100EC /* FileSystemUI in Frameworks */,
			);
			runOnlyForDeploymentPostprocessing = 0;
		};
		E4A30A952B00D24800BE5444 /* Frameworks */ = {
			isa = PBXFrameworksBuildPhase;
			buildActionMask = 2147483647;
			files = (
			);
			runOnlyForDeploymentPostprocessing = 0;
		};
		E4A30A9F2B00D24800BE5444 /* Frameworks */ = {
			isa = PBXFrameworksBuildPhase;
			buildActionMask = 2147483647;
			files = (
			);
			runOnlyForDeploymentPostprocessing = 0;
		};
/* End PBXFrameworksBuildPhase section */

/* Begin PBXGroup section */
		E45A70A72B04CD6200AC8C3B /* Frameworks */ = {
			isa = PBXGroup;
			children = (
			);
			name = Frameworks;
			sourceTree = "<group>";
		};
		E475191A2B03A2CF00C360DD /* Directories */ = {
			isa = PBXGroup;
			children = (
				E475191B2B03A2D800C360DD /* Xcode 15 */,
			);
			path = Directories;
			sourceTree = "<group>";
		};
		E475191B2B03A2D800C360DD /* Xcode 15 */ = {
			isa = PBXGroup;
			children = (
				E4A30AB52B00D32800BE5444 /* Directories.swift */,
				E475191C2B03A2E800C360DD /* Subdirectories.swift */,
				E4F8ECC42B0453EE0075AB04 /* User Scope */,
				E4F8ECC52B0454050075AB04 /* System Scope */,
				E4F8ECB92B0452F50075AB04 /* Scoped Directory Views */,
			);
			path = "Xcode 15";
			sourceTree = "<group>";
		};
		E4934CDC2B0D9BD100B4A527 /* Preferences */ = {
			isa = PBXGroup;
			children = (
				E4934CDD2B0D9BE000B4A527 /* AppPreferencesView.swift */,
				E4934CDF2B0D9BEE00B4A527 /* GeneralPreferencesView.swift */,
			);
			path = Preferences;
			sourceTree = "<group>";
		};
		E4A30A7C2B00D24700BE5444 = {
			isa = PBXGroup;
			children = (
				E49397852B194E29001204B6 /* Chinotto.xcconfig */,
				E49397862B194ED5001204B6 /* Chinotto-release.xcconfig */,
				E49C41902B0C55CB001100EC /* FileSystem */,
				E49C418D2B0C54D5001100EC /* FileSystemUI */,
				E4F8ECD12B0851CD0075AB04 /* DestructiveActions */,
				E4F8ECCE2B0846D30075AB04 /* CoreSimulatorUI */,
				E466741E2B04CCC100782359 /* CoreSimulatorTools */,
				E4A30A872B00D24700BE5444 /* Chinotto */,
				E4A30A9B2B00D24800BE5444 /* ChinottoTests */,
				E4A30AA52B00D24800BE5444 /* ChinottoUITests */,
				E4A30A862B00D24700BE5444 /* Products */,
				E45A70A72B04CD6200AC8C3B /* Frameworks */,
			);
			sourceTree = "<group>";
		};
		E4A30A862B00D24700BE5444 /* Products */ = {
			isa = PBXGroup;
			children = (
				E4A30A852B00D24700BE5444 /* Chinotto.app */,
				E4A30A982B00D24800BE5444 /* ChinottoTests.xctest */,
				E4A30AA22B00D24800BE5444 /* ChinottoUITests.xctest */,
			);
			name = Products;
			sourceTree = "<group>";
		};
		E4A30A872B00D24700BE5444 /* Chinotto */ = {
			isa = PBXGroup;
			children = (
				E4A30A882B00D24700BE5444 /* ChinottoApp.swift */,
				E44DD0F92B1DCE4A0066487D /* AppDelegate.swift */,
				E49397AB2B1EB880001204B6 /* LoginItemBehaviour.swift */,
				E4E10D3B2B16CE7A00126C53 /* ChinottoMenuBarApp.swift */,
				E4F8ECCC2B083F440075AB04 /* XcodeVersion.swift */,
				E4A30A8A2B00D24700BE5444 /* ContentView.swift */,
				E4205D572B020F390026D4A0 /* DirectoriesStorageView.swift */,
				E4205D592B02211D0026D4A0 /* UnifiedStorageView.swift */,
				E4205D5B2B0227890026D4A0 /* Localizable.xcstrings */,
				E4205D552B01FE8D0026D4A0 /* StorageView.swift */,
				E4F8ECC82B06F8050075AB04 /* CoreSimulatorsRootView.swift */,
				E4934CDC2B0D9BD100B4A527 /* Preferences */,
				E475191A2B03A2CF00C360DD /* Directories */,
				E4A30A8E2B00D24800BE5444 /* Assets.xcassets */,
				E4A30A932B00D24800BE5444 /* Chinotto.entitlements */,
				E4A30A902B00D24800BE5444 /* Preview Content */,
			);
			path = Chinotto;
			sourceTree = "<group>";
		};
		E4A30A902B00D24800BE5444 /* Preview Content */ = {
			isa = PBXGroup;
			children = (
				E4A30A912B00D24800BE5444 /* Preview Assets.xcassets */,
			);
			path = "Preview Content";
			sourceTree = "<group>";
		};
		E4A30A9B2B00D24800BE5444 /* ChinottoTests */ = {
			isa = PBXGroup;
			children = (
				E4A30A9C2B00D24800BE5444 /* ChinottoTests.swift */,
			);
			path = ChinottoTests;
			sourceTree = "<group>";
		};
		E4A30AA52B00D24800BE5444 /* ChinottoUITests */ = {
			isa = PBXGroup;
			children = (
				E4A30AA62B00D24800BE5444 /* ChinottoUITests.swift */,
				E4A30AA82B00D24800BE5444 /* ChinottoUITestsLaunchTests.swift */,
			);
			path = ChinottoUITests;
			sourceTree = "<group>";
		};
		E4F8ECB92B0452F50075AB04 /* Scoped Directory Views */ = {
			isa = PBXGroup;
			children = (
				E475191E2B03A8ED00C360DD /* CachesView.swift */,
				E47519262B03AB0F00C360DD /* _CoreSimulatorSystemView.swift */,
				E47519282B03AB1800C360DD /* _CoreSimulatorUserView.swift */,
				E46674172B04BF3300782359 /* _CoreSimulatorDevicesView.swift */,
				E47519202B03AA5F00C360DD /* _CoreSimulatorUserCachesView.swift */,
				E47519222B03AA6900C360DD /* _CoreSimulatorSystemCachesView.swift */,
			);
			path = "Scoped Directory Views";
			sourceTree = "<group>";
		};
		E4F8ECC42B0453EE0075AB04 /* User Scope */ = {
			isa = PBXGroup;
			children = (
				E47519242B03AAF600C360DD /* CoreSimulatorView.swift */,
				E4F8ECBA2B0453220075AB04 /* DeveloperDiskImagesView.swift */,
				E4F8ECBC2B0453C70075AB04 /* ToolchainsView.swift */,
				E4F8ECBE2B0453D10075AB04 /* XcodeView.swift */,
				E4F8ECC02B0453DF0075AB04 /* XCPGDevicesView.swift */,
				E4F8ECC22B0453E40075AB04 /* XCTestDevicesView.swift */,
			);
			path = "User Scope";
			sourceTree = "<group>";
		};
		E4F8ECC52B0454050075AB04 /* System Scope */ = {
			isa = PBXGroup;
			children = (
			);
			path = "System Scope";
			sourceTree = "<group>";
		};
/* End PBXGroup section */

/* Begin PBXNativeTarget section */
		E4A30A842B00D24700BE5444 /* Chinotto */ = {
			isa = PBXNativeTarget;
			buildConfigurationList = E4A30AAC2B00D24800BE5444 /* Build configuration list for PBXNativeTarget "Chinotto" */;
			buildPhases = (
				E4A30A812B00D24700BE5444 /* Sources */,
				E4A30A822B00D24700BE5444 /* Frameworks */,
				E4A30A832B00D24700BE5444 /* Resources */,
			);
			buildRules = (
			);
			dependencies = (
			);
			name = Chinotto;
			packageProductDependencies = (
				E45A70A82B04CD6200AC8C3B /* CoreSimulatorTools */,
				E4F8ECCF2B0848270075AB04 /* CoreSimulatorUI */,
				E4F8ECD22B08546A0075AB04 /* DestructiveActions */,
				E49C418E2B0C551E001100EC /* FileSystemUI */,
				E49C41912B0C5616001100EC /* FileSystem */,
			);
			productName = Chinotto;
			productReference = E4A30A852B00D24700BE5444 /* Chinotto.app */;
			productType = "com.apple.product-type.application";
		};
		E4A30A972B00D24800BE5444 /* ChinottoTests */ = {
			isa = PBXNativeTarget;
			buildConfigurationList = E4A30AAF2B00D24800BE5444 /* Build configuration list for PBXNativeTarget "ChinottoTests" */;
			buildPhases = (
				E4A30A942B00D24800BE5444 /* Sources */,
				E4A30A952B00D24800BE5444 /* Frameworks */,
				E4A30A962B00D24800BE5444 /* Resources */,
			);
			buildRules = (
			);
			dependencies = (
				E4A30A9A2B00D24800BE5444 /* PBXTargetDependency */,
			);
			name = ChinottoTests;
			productName = ChinottoTests;
			productReference = E4A30A982B00D24800BE5444 /* ChinottoTests.xctest */;
			productType = "com.apple.product-type.bundle.unit-test";
		};
		E4A30AA12B00D24800BE5444 /* ChinottoUITests */ = {
			isa = PBXNativeTarget;
			buildConfigurationList = E4A30AB22B00D24800BE5444 /* Build configuration list for PBXNativeTarget "ChinottoUITests" */;
			buildPhases = (
				E4A30A9E2B00D24800BE5444 /* Sources */,
				E4A30A9F2B00D24800BE5444 /* Frameworks */,
				E4A30AA02B00D24800BE5444 /* Resources */,
			);
			buildRules = (
			);
			dependencies = (
				E4A30AA42B00D24800BE5444 /* PBXTargetDependency */,
			);
			name = ChinottoUITests;
			productName = ChinottoUITests;
			productReference = E4A30AA22B00D24800BE5444 /* ChinottoUITests.xctest */;
			productType = "com.apple.product-type.bundle.ui-testing";
		};
/* End PBXNativeTarget section */

/* Begin PBXProject section */
		E4A30A7D2B00D24700BE5444 /* Project object */ = {
			isa = PBXProject;
			attributes = {
				BuildIndependentTargetsInParallel = 1;
				LastSwiftUpdateCheck = 1500;
				LastUpgradeCheck = 1500;
				TargetAttributes = {
					E4A30A842B00D24700BE5444 = {
						CreatedOnToolsVersion = 15.0;
					};
					E4A30A972B00D24800BE5444 = {
						CreatedOnToolsVersion = 15.0;
						TestTargetID = E4A30A842B00D24700BE5444;
					};
					E4A30AA12B00D24800BE5444 = {
						CreatedOnToolsVersion = 15.0;
						TestTargetID = E4A30A842B00D24700BE5444;
					};
				};
			};
			buildConfigurationList = E4A30A802B00D24700BE5444 /* Build configuration list for PBXProject "Chinotto" */;
			compatibilityVersion = "Xcode 14.0";
			developmentRegion = en;
			hasScannedForEncodings = 0;
			knownRegions = (
				en,
				Base,
			);
			mainGroup = E4A30A7C2B00D24700BE5444;
			productRefGroup = E4A30A862B00D24700BE5444 /* Products */;
			projectDirPath = "";
			projectRoot = "";
			targets = (
				E4A30A842B00D24700BE5444 /* Chinotto */,
				E4A30A972B00D24800BE5444 /* ChinottoTests */,
				E4A30AA12B00D24800BE5444 /* ChinottoUITests */,
			);
		};
/* End PBXProject section */

/* Begin PBXResourcesBuildPhase section */
		E4A30A832B00D24700BE5444 /* Resources */ = {
			isa = PBXResourcesBuildPhase;
			buildActionMask = 2147483647;
			files = (
				E4A30A922B00D24800BE5444 /* Preview Assets.xcassets in Resources */,
				E4A30A8F2B00D24800BE5444 /* Assets.xcassets in Resources */,
				E4205D5C2B0227890026D4A0 /* Localizable.xcstrings in Resources */,
			);
			runOnlyForDeploymentPostprocessing = 0;
		};
		E4A30A962B00D24800BE5444 /* Resources */ = {
			isa = PBXResourcesBuildPhase;
			buildActionMask = 2147483647;
			files = (
			);
			runOnlyForDeploymentPostprocessing = 0;
		};
		E4A30AA02B00D24800BE5444 /* Resources */ = {
			isa = PBXResourcesBuildPhase;
			buildActionMask = 2147483647;
			files = (
			);
			runOnlyForDeploymentPostprocessing = 0;
		};
/* End PBXResourcesBuildPhase section */

/* Begin PBXSourcesBuildPhase section */
		E4A30A812B00D24700BE5444 /* Sources */ = {
			isa = PBXSourcesBuildPhase;
			buildActionMask = 2147483647;
			files = (
				E47519272B03AB0F00C360DD /* _CoreSimulatorSystemView.swift in Sources */,
				E47519292B03AB1800C360DD /* _CoreSimulatorUserView.swift in Sources */,
				E47519232B03AA6900C360DD /* _CoreSimulatorSystemCachesView.swift in Sources */,
				E4205D5A2B02211D0026D4A0 /* UnifiedStorageView.swift in Sources */,
				E47519252B03AAF600C360DD /* CoreSimulatorView.swift in Sources */,
				E4A30A8B2B00D24700BE5444 /* ContentView.swift in Sources */,
				E4205D562B01FE8D0026D4A0 /* StorageView.swift in Sources */,
				E4F8ECC92B06F8050075AB04 /* CoreSimulatorsRootView.swift in Sources */,
				E4F8ECC32B0453E40075AB04 /* XCTestDevicesView.swift in Sources */,
				E4A30AB62B00D32800BE5444 /* Directories.swift in Sources */,
				E475191F2B03A8ED00C360DD /* CachesView.swift in Sources */,
				E4205D582B020F390026D4A0 /* DirectoriesStorageView.swift in Sources */,
				E4F8ECBB2B0453220075AB04 /* DeveloperDiskImagesView.swift in Sources */,
				E44DD0FA2B1DCE4A0066487D /* AppDelegate.swift in Sources */,
				E4F8ECCD2B083F440075AB04 /* XcodeVersion.swift in Sources */,
				E4E10D3C2B16CE7A00126C53 /* ChinottoMenuBarApp.swift in Sources */,
				E49397AC2B1EB880001204B6 /* LoginItemBehaviour.swift in Sources */,
				E4F8ECC12B0453DF0075AB04 /* XCPGDevicesView.swift in Sources */,
				E475191D2B03A2E800C360DD /* Subdirectories.swift in Sources */,
				E47519212B03AA5F00C360DD /* _CoreSimulatorUserCachesView.swift in Sources */,
				E4934CE02B0D9BEE00B4A527 /* GeneralPreferencesView.swift in Sources */,
				E46674182B04BF3300782359 /* _CoreSimulatorDevicesView.swift in Sources */,
				E4F8ECBD2B0453C70075AB04 /* ToolchainsView.swift in Sources */,
				E4934CDE2B0D9BE000B4A527 /* AppPreferencesView.swift in Sources */,
				E4F8ECBF2B0453D10075AB04 /* XcodeView.swift in Sources */,
				E4A30A892B00D24700BE5444 /* ChinottoApp.swift in Sources */,
			);
			runOnlyForDeploymentPostprocessing = 0;
		};
		E4A30A942B00D24800BE5444 /* Sources */ = {
			isa = PBXSourcesBuildPhase;
			buildActionMask = 2147483647;
			files = (
				E4A30A9D2B00D24800BE5444 /* ChinottoTests.swift in Sources */,
			);
			runOnlyForDeploymentPostprocessing = 0;
		};
		E4A30A9E2B00D24800BE5444 /* Sources */ = {
			isa = PBXSourcesBuildPhase;
			buildActionMask = 2147483647;
			files = (
				E4A30AA92B00D24800BE5444 /* ChinottoUITestsLaunchTests.swift in Sources */,
				E4A30AA72B00D24800BE5444 /* ChinottoUITests.swift in Sources */,
			);
			runOnlyForDeploymentPostprocessing = 0;
		};
/* End PBXSourcesBuildPhase section */

/* Begin PBXTargetDependency section */
		E4A30A9A2B00D24800BE5444 /* PBXTargetDependency */ = {
			isa = PBXTargetDependency;
			target = E4A30A842B00D24700BE5444 /* Chinotto */;
			targetProxy = E4A30A992B00D24800BE5444 /* PBXContainerItemProxy */;
		};
		E4A30AA42B00D24800BE5444 /* PBXTargetDependency */ = {
			isa = PBXTargetDependency;
			target = E4A30A842B00D24700BE5444 /* Chinotto */;
			targetProxy = E4A30AA32B00D24800BE5444 /* PBXContainerItemProxy */;
		};
/* End PBXTargetDependency section */

/* Begin XCBuildConfiguration section */
		E4A30AAA2B00D24800BE5444 /* Debug */ = {
			isa = XCBuildConfiguration;
			baseConfigurationReference = E49397852B194E29001204B6 /* Chinotto.xcconfig */;
			buildSettings = {
				ALWAYS_SEARCH_USER_PATHS = NO;
				ASSETCATALOG_COMPILER_GENERATE_SWIFT_ASSET_SYMBOL_EXTENSIONS = YES;
				CLANG_ANALYZER_NONNULL = YES;
				CLANG_ANALYZER_NUMBER_OBJECT_CONVERSION = YES_AGGRESSIVE;
				CLANG_CXX_LANGUAGE_STANDARD = "gnu++20";
				CLANG_ENABLE_MODULES = YES;
				CLANG_ENABLE_OBJC_ARC = YES;
				CLANG_ENABLE_OBJC_WEAK = YES;
				CLANG_WARN_BLOCK_CAPTURE_AUTORELEASING = YES;
				CLANG_WARN_BOOL_CONVERSION = YES;
				CLANG_WARN_COMMA = YES;
				CLANG_WARN_CONSTANT_CONVERSION = YES;
				CLANG_WARN_DEPRECATED_OBJC_IMPLEMENTATIONS = YES;
				CLANG_WARN_DIRECT_OBJC_ISA_USAGE = YES_ERROR;
				CLANG_WARN_DOCUMENTATION_COMMENTS = YES;
				CLANG_WARN_EMPTY_BODY = YES;
				CLANG_WARN_ENUM_CONVERSION = YES;
				CLANG_WARN_INFINITE_RECURSION = YES;
				CLANG_WARN_INT_CONVERSION = YES;
				CLANG_WARN_NON_LITERAL_NULL_CONVERSION = YES;
				CLANG_WARN_OBJC_IMPLICIT_RETAIN_SELF = YES;
				CLANG_WARN_OBJC_LITERAL_CONVERSION = YES;
				CLANG_WARN_OBJC_ROOT_CLASS = YES_ERROR;
				CLANG_WARN_QUOTED_INCLUDE_IN_FRAMEWORK_HEADER = YES;
				CLANG_WARN_RANGE_LOOP_ANALYSIS = YES;
				CLANG_WARN_STRICT_PROTOTYPES = YES;
				CLANG_WARN_SUSPICIOUS_MOVE = YES;
				CLANG_WARN_UNGUARDED_AVAILABILITY = YES_AGGRESSIVE;
				CLANG_WARN_UNREACHABLE_CODE = YES;
				CLANG_WARN__DUPLICATE_METHOD_MATCH = YES;
				COPY_PHASE_STRIP = NO;
				DEBUG_INFORMATION_FORMAT = dwarf;
				ENABLE_STRICT_OBJC_MSGSEND = YES;
				ENABLE_TESTABILITY = YES;
				ENABLE_USER_SCRIPT_SANDBOXING = YES;
				GCC_C_LANGUAGE_STANDARD = gnu17;
				GCC_DYNAMIC_NO_PIC = NO;
				GCC_NO_COMMON_BLOCKS = YES;
				GCC_OPTIMIZATION_LEVEL = 0;
				GCC_PREPROCESSOR_DEFINITIONS = (
					"DEBUG=1",
					"$(inherited)",
				);
				GCC_WARN_64_TO_32_BIT_CONVERSION = YES;
				GCC_WARN_ABOUT_RETURN_TYPE = YES_ERROR;
				GCC_WARN_UNDECLARED_SELECTOR = YES;
				GCC_WARN_UNINITIALIZED_AUTOS = YES_AGGRESSIVE;
				GCC_WARN_UNUSED_FUNCTION = YES;
				GCC_WARN_UNUSED_VARIABLE = YES;
				LOCALIZATION_PREFERS_STRING_CATALOGS = YES;
				MACOSX_DEPLOYMENT_TARGET = 14.0;
				MTL_ENABLE_DEBUG_INFO = INCLUDE_SOURCE;
				MTL_FAST_MATH = YES;
				ONLY_ACTIVE_ARCH = YES;
				SDKROOT = macosx;
				SWIFT_ACTIVE_COMPILATION_CONDITIONS = "DEBUG $(inherited)";
				SWIFT_OPTIMIZATION_LEVEL = "-Onone";
			};
			name = Debug;
		};
		E4A30AAB2B00D24800BE5444 /* Release */ = {
			isa = XCBuildConfiguration;
			baseConfigurationReference = E49397862B194ED5001204B6 /* Chinotto-release.xcconfig */;
			buildSettings = {
				ALWAYS_SEARCH_USER_PATHS = NO;
				ASSETCATALOG_COMPILER_GENERATE_SWIFT_ASSET_SYMBOL_EXTENSIONS = YES;
				CLANG_ANALYZER_NONNULL = YES;
				CLANG_ANALYZER_NUMBER_OBJECT_CONVERSION = YES_AGGRESSIVE;
				CLANG_CXX_LANGUAGE_STANDARD = "gnu++20";
				CLANG_ENABLE_MODULES = YES;
				CLANG_ENABLE_OBJC_ARC = YES;
				CLANG_ENABLE_OBJC_WEAK = YES;
				CLANG_WARN_BLOCK_CAPTURE_AUTORELEASING = YES;
				CLANG_WARN_BOOL_CONVERSION = YES;
				CLANG_WARN_COMMA = YES;
				CLANG_WARN_CONSTANT_CONVERSION = YES;
				CLANG_WARN_DEPRECATED_OBJC_IMPLEMENTATIONS = YES;
				CLANG_WARN_DIRECT_OBJC_ISA_USAGE = YES_ERROR;
				CLANG_WARN_DOCUMENTATION_COMMENTS = YES;
				CLANG_WARN_EMPTY_BODY = YES;
				CLANG_WARN_ENUM_CONVERSION = YES;
				CLANG_WARN_INFINITE_RECURSION = YES;
				CLANG_WARN_INT_CONVERSION = YES;
				CLANG_WARN_NON_LITERAL_NULL_CONVERSION = YES;
				CLANG_WARN_OBJC_IMPLICIT_RETAIN_SELF = YES;
				CLANG_WARN_OBJC_LITERAL_CONVERSION = YES;
				CLANG_WARN_OBJC_ROOT_CLASS = YES_ERROR;
				CLANG_WARN_QUOTED_INCLUDE_IN_FRAMEWORK_HEADER = YES;
				CLANG_WARN_RANGE_LOOP_ANALYSIS = YES;
				CLANG_WARN_STRICT_PROTOTYPES = YES;
				CLANG_WARN_SUSPICIOUS_MOVE = YES;
				CLANG_WARN_UNGUARDED_AVAILABILITY = YES_AGGRESSIVE;
				CLANG_WARN_UNREACHABLE_CODE = YES;
				CLANG_WARN__DUPLICATE_METHOD_MATCH = YES;
				COPY_PHASE_STRIP = NO;
				DEBUG_INFORMATION_FORMAT = "dwarf-with-dsym";
				ENABLE_NS_ASSERTIONS = NO;
				ENABLE_STRICT_OBJC_MSGSEND = YES;
				ENABLE_USER_SCRIPT_SANDBOXING = YES;
				GCC_C_LANGUAGE_STANDARD = gnu17;
				GCC_NO_COMMON_BLOCKS = YES;
				GCC_WARN_64_TO_32_BIT_CONVERSION = YES;
				GCC_WARN_ABOUT_RETURN_TYPE = YES_ERROR;
				GCC_WARN_UNDECLARED_SELECTOR = YES;
				GCC_WARN_UNINITIALIZED_AUTOS = YES_AGGRESSIVE;
				GCC_WARN_UNUSED_FUNCTION = YES;
				GCC_WARN_UNUSED_VARIABLE = YES;
				LOCALIZATION_PREFERS_STRING_CATALOGS = YES;
				MACOSX_DEPLOYMENT_TARGET = 14.0;
				MTL_ENABLE_DEBUG_INFO = NO;
				MTL_FAST_MATH = YES;
				SDKROOT = macosx;
				SWIFT_COMPILATION_MODE = wholemodule;
			};
			name = Release;
		};
		E4A30AAD2B00D24800BE5444 /* Debug */ = {
			isa = XCBuildConfiguration;
			buildSettings = {
				ASSETCATALOG_COMPILER_APPICON_NAME = AppIcon;
				ASSETCATALOG_COMPILER_GLOBAL_ACCENT_COLOR_NAME = AccentColor;
				CODE_SIGN_ENTITLEMENTS = Chinotto/Chinotto.entitlements;
				"CODE_SIGN_IDENTITY[sdk=macosx*]" = "Apple Development";
				CODE_SIGN_STYLE = Automatic;
				COMBINE_HIDPI_IMAGES = YES;
				CURRENT_PROJECT_VERSION = 1;
				DEVELOPMENT_ASSET_PATHS = "\"Chinotto/Preview Content\"";
				DEVELOPMENT_TEAM = 4G96725NK5;
				ENABLE_HARDENED_RUNTIME = YES;
				ENABLE_PREVIEWS = YES;
				GENERATE_INFOPLIST_FILE = YES;
				INFOPLIST_KEY_NSHumanReadableCopyright = "";
				LD_RUNPATH_SEARCH_PATHS = (
					"$(inherited)",
					"@executable_path/../Frameworks",
				);
				MACOSX_DEPLOYMENT_TARGET = 14.0;
				MARKETING_VERSION = 1.0;
				PRODUCT_BUNDLE_IDENTIFIER = "$(BUNDLE_ID_PREFIX).Chinotto";
				PRODUCT_NAME = "$(TARGET_NAME)";
				SWIFT_EMIT_LOC_STRINGS = YES;
				SWIFT_VERSION = 5.0;
			};
			name = Debug;
		};
		E4A30AAE2B00D24800BE5444 /* Release */ = {
			isa = XCBuildConfiguration;
			buildSettings = {
				ASSETCATALOG_COMPILER_APPICON_NAME = AppIcon;
				ASSETCATALOG_COMPILER_GLOBAL_ACCENT_COLOR_NAME = AccentColor;
				CODE_SIGN_ENTITLEMENTS = Chinotto/Chinotto.entitlements;
				"CODE_SIGN_IDENTITY[sdk=macosx*]" = "Apple Development";
				CODE_SIGN_STYLE = Automatic;
				COMBINE_HIDPI_IMAGES = YES;
				CURRENT_PROJECT_VERSION = 1;
				DEVELOPMENT_ASSET_PATHS = "\"Chinotto/Preview Content\"";
				DEVELOPMENT_TEAM = 4G96725NK5;
				ENABLE_HARDENED_RUNTIME = YES;
				ENABLE_PREVIEWS = YES;
				GENERATE_INFOPLIST_FILE = YES;
				INFOPLIST_KEY_NSHumanReadableCopyright = "";
				LD_RUNPATH_SEARCH_PATHS = (
					"$(inherited)",
					"@executable_path/../Frameworks",
				);
				MACOSX_DEPLOYMENT_TARGET = 14.0;
				MARKETING_VERSION = 1.0;
				PRODUCT_BUNDLE_IDENTIFIER = "$(BUNDLE_ID_PREFIX).Chinotto";
				PRODUCT_NAME = "$(TARGET_NAME)";
				SWIFT_EMIT_LOC_STRINGS = YES;
				SWIFT_VERSION = 5.0;
			};
			name = Release;
		};
		E4A30AB02B00D24800BE5444 /* Debug */ = {
			isa = XCBuildConfiguration;
			buildSettings = {
				ALWAYS_EMBED_SWIFT_STANDARD_LIBRARIES = YES;
				BUNDLE_LOADER = "$(TEST_HOST)";
				CODE_SIGN_STYLE = Automatic;
				CURRENT_PROJECT_VERSION = 1;
				DEVELOPMENT_TEAM = 4G96725NK5;
				GENERATE_INFOPLIST_FILE = YES;
				MACOSX_DEPLOYMENT_TARGET = 14.0;
				MARKETING_VERSION = 1.0;
				PRODUCT_BUNDLE_IDENTIFIER = boscoho.ChinottoTests;
				PRODUCT_NAME = "$(TARGET_NAME)";
				SWIFT_EMIT_LOC_STRINGS = NO;
				SWIFT_VERSION = 5.0;
				TEST_HOST = "$(BUILT_PRODUCTS_DIR)/Chinotto.app/$(BUNDLE_EXECUTABLE_FOLDER_PATH)/Chinotto";
			};
			name = Debug;
		};
		E4A30AB12B00D24800BE5444 /* Release */ = {
			isa = XCBuildConfiguration;
			buildSettings = {
				ALWAYS_EMBED_SWIFT_STANDARD_LIBRARIES = YES;
				BUNDLE_LOADER = "$(TEST_HOST)";
				CODE_SIGN_STYLE = Automatic;
				CURRENT_PROJECT_VERSION = 1;
				DEVELOPMENT_TEAM = 4G96725NK5;
				GENERATE_INFOPLIST_FILE = YES;
				MACOSX_DEPLOYMENT_TARGET = 14.0;
				MARKETING_VERSION = 1.0;
				PRODUCT_BUNDLE_IDENTIFIER = boscoho.ChinottoTests;
				PRODUCT_NAME = "$(TARGET_NAME)";
				SWIFT_EMIT_LOC_STRINGS = NO;
				SWIFT_VERSION = 5.0;
				TEST_HOST = "$(BUILT_PRODUCTS_DIR)/Chinotto.app/$(BUNDLE_EXECUTABLE_FOLDER_PATH)/Chinotto";
			};
			name = Release;
		};
		E4A30AB32B00D24800BE5444 /* Debug */ = {
			isa = XCBuildConfiguration;
			buildSettings = {
				ALWAYS_EMBED_SWIFT_STANDARD_LIBRARIES = YES;
				CODE_SIGN_STYLE = Automatic;
				CURRENT_PROJECT_VERSION = 1;
				DEVELOPMENT_TEAM = 4G96725NK5;
				GENERATE_INFOPLIST_FILE = YES;
				MARKETING_VERSION = 1.0;
				PRODUCT_BUNDLE_IDENTIFIER = boscoho.ChinottoUITests;
				PRODUCT_NAME = "$(TARGET_NAME)";
				SWIFT_EMIT_LOC_STRINGS = NO;
				SWIFT_VERSION = 5.0;
				TEST_TARGET_NAME = Chinotto;
			};
			name = Debug;
		};
		E4A30AB42B00D24800BE5444 /* Release */ = {
			isa = XCBuildConfiguration;
			buildSettings = {
				ALWAYS_EMBED_SWIFT_STANDARD_LIBRARIES = YES;
				CODE_SIGN_STYLE = Automatic;
				CURRENT_PROJECT_VERSION = 1;
				DEVELOPMENT_TEAM = 4G96725NK5;
				GENERATE_INFOPLIST_FILE = YES;
				MARKETING_VERSION = 1.0;
				PRODUCT_BUNDLE_IDENTIFIER = boscoho.ChinottoUITests;
				PRODUCT_NAME = "$(TARGET_NAME)";
				SWIFT_EMIT_LOC_STRINGS = NO;
				SWIFT_VERSION = 5.0;
				TEST_TARGET_NAME = Chinotto;
			};
			name = Release;
		};
/* End XCBuildConfiguration section */

/* Begin XCConfigurationList section */
		E4A30A802B00D24700BE5444 /* Build configuration list for PBXProject "Chinotto" */ = {
			isa = XCConfigurationList;
			buildConfigurations = (
				E4A30AAA2B00D24800BE5444 /* Debug */,
				E4A30AAB2B00D24800BE5444 /* Release */,
			);
			defaultConfigurationIsVisible = 0;
			defaultConfigurationName = Release;
		};
		E4A30AAC2B00D24800BE5444 /* Build configuration list for PBXNativeTarget "Chinotto" */ = {
			isa = XCConfigurationList;
			buildConfigurations = (
				E4A30AAD2B00D24800BE5444 /* Debug */,
				E4A30AAE2B00D24800BE5444 /* Release */,
			);
			defaultConfigurationIsVisible = 0;
			defaultConfigurationName = Release;
		};
		E4A30AAF2B00D24800BE5444 /* Build configuration list for PBXNativeTarget "ChinottoTests" */ = {
			isa = XCConfigurationList;
			buildConfigurations = (
				E4A30AB02B00D24800BE5444 /* Debug */,
				E4A30AB12B00D24800BE5444 /* Release */,
			);
			defaultConfigurationIsVisible = 0;
			defaultConfigurationName = Release;
		};
		E4A30AB22B00D24800BE5444 /* Build configuration list for PBXNativeTarget "ChinottoUITests" */ = {
			isa = XCConfigurationList;
			buildConfigurations = (
				E4A30AB32B00D24800BE5444 /* Debug */,
				E4A30AB42B00D24800BE5444 /* Release */,
			);
			defaultConfigurationIsVisible = 0;
			defaultConfigurationName = Release;
		};
/* End XCConfigurationList section */

/* Begin XCSwiftPackageProductDependency section */
		E45A70A82B04CD6200AC8C3B /* CoreSimulatorTools */ = {
			isa = XCSwiftPackageProductDependency;
			productName = CoreSimulatorTools;
		};
		E49C418E2B0C551E001100EC /* FileSystemUI */ = {
			isa = XCSwiftPackageProductDependency;
			productName = FileSystemUI;
		};
		E49C41912B0C5616001100EC /* FileSystem */ = {
			isa = XCSwiftPackageProductDependency;
			productName = FileSystem;
		};
		E4F8ECCF2B0848270075AB04 /* CoreSimulatorUI */ = {
			isa = XCSwiftPackageProductDependency;
			productName = CoreSimulatorUI;
		};
		E4F8ECD22B08546A0075AB04 /* DestructiveActions */ = {
			isa = XCSwiftPackageProductDependency;
			productName = DestructiveActions;
		};
/* End XCSwiftPackageProductDependency section */
	};
	rootObject = E4A30A7D2B00D24700BE5444 /* Project object */;
}
